// !$*UTF8*$!
{
	archiveVersion = 1;
	classes = {
	};
	objectVersion = 50;
	objects = {

/* Begin PBXBuildFile section */
		DD3FCF1925B48CF600093C8D /* 2004.cpp in Sources */ = {isa = PBXBuildFile; fileRef = DD3FCF1125B4862200093C8D /* 2004.cpp */; };
/* End PBXBuildFile section */

/* Begin PBXCopyFilesBuildPhase section */
		DDEAAA4C2599FB9C007CF218 /* CopyFiles */ = {
			isa = PBXCopyFilesBuildPhase;
			buildActionMask = 2147483647;
			dstPath = /usr/share/man/man1/;
			dstSubfolderSpec = 0;
			files = (
			);
			runOnlyForDeploymentPostprocessing = 1;
		};
/* End PBXCopyFilesBuildPhase section */

/* Begin PBXFileReference section */
		DD0382D925A2000F00B3473E /* 9465.cpp */ = {isa = PBXFileReference; lastKnownFileType = sourcecode.cpp.cpp; path = 9465.cpp; sourceTree = "<group>"; };
		DD0382DF25A2006700B3473E /* 11053.cpp */ = {isa = PBXFileReference; lastKnownFileType = sourcecode.cpp.cpp; path = 11053.cpp; sourceTree = "<group>"; };
		DD0382E225A2007500B3473E /* 11055.cpp */ = {isa = PBXFileReference; lastKnownFileType = sourcecode.cpp.cpp; path = 11055.cpp; sourceTree = "<group>"; };
		DD0382E525A2008800B3473E /* 11722.cpp */ = {isa = PBXFileReference; lastKnownFileType = sourcecode.cpp.cpp; path = 11722.cpp; sourceTree = "<group>"; };
		DD213A39259CAC4500956B37 /* 11719.cpp */ = {isa = PBXFileReference; lastKnownFileType = sourcecode.cpp.cpp; path = 11719.cpp; sourceTree = "<group>"; };
		DD213A3D259CAFCF00956B37 /* 11720.cpp */ = {isa = PBXFileReference; lastKnownFileType = sourcecode.cpp.cpp; path = 11720.cpp; sourceTree = "<group>"; };
		DD213A45259CB17100956B37 /* 11721.cpp */ = {isa = PBXFileReference; lastKnownFileType = sourcecode.cpp.cpp; path = 11721.cpp; sourceTree = "<group>"; };
		DD213A49259CB30A00956B37 /* 2741.cpp */ = {isa = PBXFileReference; lastKnownFileType = sourcecode.cpp.cpp; path = 2741.cpp; sourceTree = "<group>"; };
		DD213A4C259CB3F800956B37 /* 2742.cpp */ = {isa = PBXFileReference; lastKnownFileType = sourcecode.cpp.cpp; path = 2742.cpp; sourceTree = "<group>"; };
		DD213A50259DA5CD00956B37 /* 2739.cpp */ = {isa = PBXFileReference; lastKnownFileType = sourcecode.cpp.cpp; path = 2739.cpp; sourceTree = "<group>"; };
		DD213A54259DA69600956B37 /* 1924.cpp */ = {isa = PBXFileReference; lastKnownFileType = sourcecode.cpp.cpp; path = 1924.cpp; sourceTree = "<group>"; };
		DD213A58259DA86900956B37 /* 8393.cpp */ = {isa = PBXFileReference; lastKnownFileType = sourcecode.cpp.cpp; path = 8393.cpp; sourceTree = "<group>"; };
		DD213A5C259DA9A200956B37 /* 10818.cpp */ = {isa = PBXFileReference; lastKnownFileType = sourcecode.cpp.cpp; path = 10818.cpp; sourceTree = "<group>"; };
		DD213A60259DAA8200956B37 /* 2438.cpp */ = {isa = PBXFileReference; lastKnownFileType = sourcecode.cpp.cpp; path = 2438.cpp; sourceTree = "<group>"; };
		DD213A64259F3F9F00956B37 /* 2439.cpp */ = {isa = PBXFileReference; lastKnownFileType = sourcecode.cpp.cpp; path = 2439.cpp; sourceTree = "<group>"; };
		DD213A68259F41A100956B37 /* 2440.cpp */ = {isa = PBXFileReference; lastKnownFileType = sourcecode.cpp.cpp; path = 2440.cpp; sourceTree = "<group>"; };
		DD213A6C259F432C00956B37 /* 2441.cpp */ = {isa = PBXFileReference; lastKnownFileType = sourcecode.cpp.cpp; path = 2441.cpp; sourceTree = "<group>"; };
		DD213A71259F442900956B37 /* 2445.cpp */ = {isa = PBXFileReference; lastKnownFileType = sourcecode.cpp.cpp; path = 2445.cpp; sourceTree = "<group>"; };
		DD213A74259F4DF100956B37 /* 2522.cpp */ = {isa = PBXFileReference; lastKnownFileType = sourcecode.cpp.cpp; path = 2522.cpp; sourceTree = "<group>"; };
		DD321F2D25A7093B003D3AD3 /* 9461.cpp */ = {isa = PBXFileReference; lastKnownFileType = sourcecode.cpp.cpp; path = 9461.cpp; sourceTree = "<group>"; };
		DD321F3125A710D0003D3AD3 /* 2225.cpp */ = {isa = PBXFileReference; lastKnownFileType = sourcecode.cpp.cpp; path = 2225.cpp; sourceTree = "<group>"; };
		DD321F3725A72FEC003D3AD3 /* 2011.cpp */ = {isa = PBXFileReference; lastKnownFileType = sourcecode.cpp.cpp; path = 2011.cpp; sourceTree = "<group>"; };
		DD321F3B25A75219003D3AD3 /* 11052.cpp */ = {isa = PBXFileReference; lastKnownFileType = sourcecode.cpp.cpp; path = 11052.cpp; sourceTree = "<group>"; };
		DD321F3F25A75683003D3AD3 /* 2751.cpp */ = {isa = PBXFileReference; lastKnownFileType = sourcecode.cpp.cpp; path = 2751.cpp; sourceTree = "<group>"; };
		DD38C2FF25ADCB38004DF5C5 /* 1158.cpp */ = {isa = PBXFileReference; lastKnownFileType = sourcecode.cpp.cpp; path = 1158.cpp; sourceTree = "<group>"; };
		DD38C30225ADE575004DF5C5 /* 1168.cpp */ = {isa = PBXFileReference; lastKnownFileType = sourcecode.cpp.cpp; path = 1168.cpp; sourceTree = "<group>"; };
		DD38C30625ADE87F004DF5C5 /* 10430.cpp */ = {isa = PBXFileReference; lastKnownFileType = sourcecode.cpp.cpp; path = 10430.cpp; sourceTree = "<group>"; };
		DD38C30A25ADEB40004DF5C5 /* 2609.cpp */ = {isa = PBXFileReference; lastKnownFileType = sourcecode.cpp.cpp; path = 2609.cpp; sourceTree = "<group>"; };
		DD38C30E25ADEE43004DF5C5 /* 1934.cpp */ = {isa = PBXFileReference; lastKnownFileType = sourcecode.cpp.cpp; path = 1934.cpp; sourceTree = "<group>"; };
		DD3FCF1125B4862200093C8D /* 2004.cpp */ = {isa = PBXFileReference; lastKnownFileType = sourcecode.cpp.cpp; path = 2004.cpp; sourceTree = "<group>"; };
		DD46475925AC875F006C0D4E /* 2743.cpp */ = {isa = PBXFileReference; lastKnownFileType = sourcecode.cpp.cpp; path = 2743.cpp; sourceTree = "<group>"; };
		DD46475E25AC894F006C0D4E /* 11655.cpp */ = {isa = PBXFileReference; lastKnownFileType = sourcecode.cpp.cpp; path = 11655.cpp; sourceTree = "<group>"; };
		DD46476325AC988C006C0D4E /* 10824.cpp */ = {isa = PBXFileReference; lastKnownFileType = sourcecode.cpp.cpp; path = 10824.cpp; sourceTree = "<group>"; };
		DD46476725ACA0E7006C0D4E /* 11656.cpp */ = {isa = PBXFileReference; lastKnownFileType = sourcecode.cpp.cpp; path = 11656.cpp; sourceTree = "<group>"; };
		DD656B4D25A48C530064AC11 /* 2579.cpp */ = {isa = PBXFileReference; lastKnownFileType = sourcecode.cpp.cpp; path = 2579.cpp; sourceTree = "<group>"; };
		DD656B5125A493250064AC11 /* 1699.cpp */ = {isa = PBXFileReference; lastKnownFileType = sourcecode.cpp.cpp; path = 1699.cpp; sourceTree = "<group>"; };
		DD656B5525A4B2E80064AC11 /* 2133.cpp */ = {isa = PBXFileReference; lastKnownFileType = sourcecode.cpp.cpp; path = 2133.cpp; sourceTree = "<group>"; };
		DD6A6697259F9CB900E2B981 /* 2446.cpp */ = {isa = PBXFileReference; lastKnownFileType = sourcecode.cpp.cpp; path = 2446.cpp; sourceTree = "<group>"; };
		DD6A669B259F9E9F00E2B981 /* 10991.cpp */ = {isa = PBXFileReference; lastKnownFileType = sourcecode.cpp.cpp; path = 10991.cpp; sourceTree = "<group>"; };
		DD6A66A0259FA1DA00E2B981 /* 10992.cpp */ = {isa = PBXFileReference; lastKnownFileType = sourcecode.cpp.cpp; path = 10992.cpp; sourceTree = "<group>"; };
		DD6A66A3259FA7C600E2B981 /* 1463.cpp */ = {isa = PBXFileReference; lastKnownFileType = sourcecode.cpp.cpp; path = 1463.cpp; sourceTree = "<group>"; };
		DD6A66A725A03D1F00E2B981 /* 11726.cpp */ = {isa = PBXFileReference; lastKnownFileType = sourcecode.cpp.cpp; path = 11726.cpp; sourceTree = "<group>"; };
		DD6A66AB25A0B7E900E2B981 /* 11727.cpp */ = {isa = PBXFileReference; lastKnownFileType = sourcecode.cpp.cpp; path = 11727.cpp; sourceTree = "<group>"; };
		DD6A66AE25A0B80900E2B981 /* 9095.cpp */ = {isa = PBXFileReference; lastKnownFileType = sourcecode.cpp.cpp; path = 9095.cpp; sourceTree = "<group>"; };
		DD6A66B125A0B81700E2B981 /* 10844.cpp */ = {isa = PBXFileReference; lastKnownFileType = sourcecode.cpp.cpp; path = 10844.cpp; sourceTree = "<group>"; };
		DD6A66B425A0B82C00E2B981 /* 11057.cpp */ = {isa = PBXFileReference; lastKnownFileType = sourcecode.cpp.cpp; path = 11057.cpp; sourceTree = "<group>"; };
		DD6A66B725A0B83E00E2B981 /* 2193.cpp */ = {isa = PBXFileReference; lastKnownFileType = sourcecode.cpp.cpp; path = 2193.cpp; sourceTree = "<group>"; };
		DD905ABA25B1AA2300162B3F /* 9613.cpp */ = {isa = PBXFileReference; lastKnownFileType = sourcecode.cpp.cpp; path = 9613.cpp; sourceTree = "<group>"; };
		DD905ABD25B1AEC900162B3F /* 11005.cpp */ = {isa = PBXFileReference; lastKnownFileType = sourcecode.cpp.cpp; path = 11005.cpp; sourceTree = "<group>"; };
		DD905AC125B1BB5600162B3F /* 2745.cpp */ = {isa = PBXFileReference; lastKnownFileType = sourcecode.cpp.cpp; path = 2745.cpp; sourceTree = "<group>"; };
		DD905AC525B1C71800162B3F /* 1373.cpp */ = {isa = PBXFileReference; lastKnownFileType = sourcecode.cpp.cpp; path = 1373.cpp; sourceTree = "<group>"; };
		DD905ACA25B305D900162B3F /* 1212.cpp */ = {isa = PBXFileReference; lastKnownFileType = sourcecode.cpp.cpp; path = 1212.cpp; sourceTree = "<group>"; };
		DD905ACD25B31BD900162B3F /* 2089.cpp */ = {isa = PBXFileReference; lastKnownFileType = sourcecode.cpp.cpp; path = 2089.cpp; sourceTree = "<group>"; };
		DD905AD125B331DB00162B3F /* 11576.cpp */ = {isa = PBXFileReference; lastKnownFileType = sourcecode.cpp.cpp; path = 11576.cpp; sourceTree = "<group>"; };
		DD905AF025B340B100162B3F /* 1978.cpp */ = {isa = PBXFileReference; lastKnownFileType = sourcecode.cpp.cpp; path = 1978.cpp; sourceTree = "<group>"; };
		DD905AF425B3476400162B3F /* 1929.cpp */ = {isa = PBXFileReference; lastKnownFileType = sourcecode.cpp.cpp; path = 1929.cpp; sourceTree = "<group>"; };
		DD94092B25AAE3100011AC45 /* 10845.cpp */ = {isa = PBXFileReference; lastKnownFileType = sourcecode.cpp.cpp; path = 10845.cpp; sourceTree = "<group>"; };
		DD94092F25AAE8460011AC45 /* 10866.cpp */ = {isa = PBXFileReference; lastKnownFileType = sourcecode.cpp.cpp; path = 10866.cpp; sourceTree = "<group>"; };
		DD94093325AAF0EF0011AC45 /* 10808.cpp */ = {isa = PBXFileReference; lastKnownFileType = sourcecode.cpp.cpp; path = 10808.cpp; sourceTree = "<group>"; };
		DD94093A25AAF5D50011AC45 /* 10809.cpp */ = {isa = PBXFileReference; lastKnownFileType = sourcecode.cpp.cpp; path = 10809.cpp; sourceTree = "<group>"; };
		DD94093E25AAF7B70011AC45 /* 10820.cpp */ = {isa = PBXFileReference; lastKnownFileType = sourcecode.cpp.cpp; path = 10820.cpp; sourceTree = "<group>"; };
		DD9A3B1A25AA01CC008089A0 /* 11652.cpp */ = {isa = PBXFileReference; lastKnownFileType = sourcecode.cpp.cpp; path = 11652.cpp; sourceTree = "<group>"; };
		DD9A3B1E25AA0F3C008089A0 /* 11004.cpp */ = {isa = PBXFileReference; lastKnownFileType = sourcecode.cpp.cpp; path = 11004.cpp; sourceTree = "<group>"; };
		DD9A3B2225AA130E008089A0 /* 10828.cpp */ = {isa = PBXFileReference; lastKnownFileType = sourcecode.cpp.cpp; path = 10828.cpp; sourceTree = "<group>"; };
		DD9A3B2625AA1942008089A0 /* 9012.cpp */ = {isa = PBXFileReference; lastKnownFileType = sourcecode.cpp.cpp; path = 9012.cpp; sourceTree = "<group>"; };
		DD9A3B2A25AA2533008089A0 /* 10799.cpp */ = {isa = PBXFileReference; lastKnownFileType = sourcecode.cpp.cpp; path = 10799.cpp; sourceTree = "<group>"; };
		DD9BC62225A7FC6F009316DA /* 11650.cpp */ = {isa = PBXFileReference; lastKnownFileType = sourcecode.cpp.cpp; path = 11650.cpp; sourceTree = "<group>"; };
		DD9BC62625A870F5009316DA /* 11651.cpp */ = {isa = PBXFileReference; lastKnownFileType = sourcecode.cpp.cpp; path = 11651.cpp; sourceTree = "<group>"; };
		DD9BC62A25A8717A009316DA /* 10814.cpp */ = {isa = PBXFileReference; lastKnownFileType = sourcecode.cpp.cpp; path = 10814.cpp; sourceTree = "<group>"; };
		DD9BC62E25A88FFF009316DA /* 10825.cpp */ = {isa = PBXFileReference; lastKnownFileType = sourcecode.cpp.cpp; path = 10825.cpp; sourceTree = "<group>"; };
		DD9BC63225A89DE3009316DA /* 10989.cpp */ = {isa = PBXFileReference; lastKnownFileType = sourcecode.cpp.cpp; path = 10989.cpp; sourceTree = "<group>"; };
		DDA2356B259AE6C8003A1B45 /* 10952.cpp */ = {isa = PBXFileReference; lastKnownFileType = sourcecode.cpp.cpp; path = 10952.cpp; sourceTree = "<group>"; };
		DDA2356F259AE852003A1B45 /* 10953.cpp */ = {isa = PBXFileReference; lastKnownFileType = sourcecode.cpp.cpp; path = 10953.cpp; sourceTree = "<group>"; };
		DDA23574259AEC0D003A1B45 /* 11021.cpp */ = {isa = PBXFileReference; lastKnownFileType = sourcecode.cpp.cpp; path = 11021.cpp; sourceTree = "<group>"; };
		DDA2357D259AEDBF003A1B45 /* 11022.cpp */ = {isa = PBXFileReference; lastKnownFileType = sourcecode.cpp.cpp; path = 11022.cpp; sourceTree = "<group>"; };
		DDA23581259AEEE3003A1B45 /* 11718.cpp */ = {isa = PBXFileReference; lastKnownFileType = sourcecode.cpp.cpp; path = 11718.cpp; sourceTree = "<group>"; };
		DDC5CE1A25AF383400BFDFA0 /* 1850.cpp */ = {isa = PBXFileReference; lastKnownFileType = sourcecode.cpp.cpp; path = 1850.cpp; sourceTree = "<group>"; };
		DDD78E9E25ADBB5200D5BC91 /* 1406.cpp */ = {isa = PBXFileReference; lastKnownFileType = sourcecode.cpp.cpp; path = 1406.cpp; sourceTree = "<group>"; };
		DDDCFA2E25B46FF80088D6A4 /* 6588.cpp */ = {isa = PBXFileReference; lastKnownFileType = sourcecode.cpp.cpp; path = 6588.cpp; sourceTree = "<group>"; };
		DDDCFA3125B477520088D6A4 /* 11653.cpp */ = {isa = PBXFileReference; lastKnownFileType = sourcecode.cpp.cpp; path = 11653.cpp; sourceTree = "<group>"; };
		DDDCFA3525B47C730088D6A4 /* 10872.cpp */ = {isa = PBXFileReference; lastKnownFileType = sourcecode.cpp.cpp; path = 10872.cpp; sourceTree = "<group>"; };
		DDDCFA3925B47F0B0088D6A4 /* 1676.cpp */ = {isa = PBXFileReference; lastKnownFileType = sourcecode.cpp.cpp; path = 1676.cpp; sourceTree = "<group>"; };
		DDEAAA4E2599FB9C007CF218 /* baekjoon */ = {isa = PBXFileReference; explicitFileType = "compiled.mach-o.executable"; includeInIndex = 0; path = baekjoon; sourceTree = BUILT_PRODUCTS_DIR; };
		DDEAAA512599FB9C007CF218 /* 10950.cpp */ = {isa = PBXFileReference; lastKnownFileType = sourcecode.cpp.cpp; path = 10950.cpp; sourceTree = "<group>"; };
		DDEAAA5B259A09CD007CF218 /* 10951.cpp */ = {isa = PBXFileReference; lastKnownFileType = sourcecode.cpp.cpp; path = 10951.cpp; sourceTree = "<group>"; };
		DDEFE3DE25A36D6400732CD9 /* 2165.cpp */ = {isa = PBXFileReference; lastKnownFileType = sourcecode.cpp.cpp; path = 2165.cpp; sourceTree = "<group>"; };
		DDEFE3EE25A3840100732CD9 /* 11054.cpp */ = {isa = PBXFileReference; lastKnownFileType = sourcecode.cpp.cpp; path = 11054.cpp; sourceTree = "<group>"; };
		DDEFE40125A3961100732CD9 /* 1912.cpp */ = {isa = PBXFileReference; lastKnownFileType = sourcecode.cpp.cpp; path = 1912.cpp; sourceTree = "<group>"; };
/* End PBXFileReference section */

/* Begin PBXFrameworksBuildPhase section */
		DDEAAA4B2599FB9C007CF218 /* Frameworks */ = {
			isa = PBXFrameworksBuildPhase;
			buildActionMask = 2147483647;
			files = (
			);
			runOnlyForDeploymentPostprocessing = 0;
		};
/* End PBXFrameworksBuildPhase section */

/* Begin PBXGroup section */
		DDEAAA452599FB9C007CF218 = {
			isa = PBXGroup;
			children = (
				DDEAAA502599FB9C007CF218 /* baekjoon */,
				DDEAAA4F2599FB9C007CF218 /* Products */,
			);
			sourceTree = "<group>";
		};
		DDEAAA4F2599FB9C007CF218 /* Products */ = {
			isa = PBXGroup;
			children = (
				DDEAAA4E2599FB9C007CF218 /* baekjoon */,
			);
			name = Products;
			sourceTree = "<group>";
		};
		DDEAAA502599FB9C007CF218 /* baekjoon */ = {
			isa = PBXGroup;
			children = (
				DDEAAA512599FB9C007CF218 /* 10950.cpp */,
				DDEAAA5B259A09CD007CF218 /* 10951.cpp */,
				DDA2356B259AE6C8003A1B45 /* 10952.cpp */,
				DDA2356F259AE852003A1B45 /* 10953.cpp */,
				DDA23574259AEC0D003A1B45 /* 11021.cpp */,
				DDA2357D259AEDBF003A1B45 /* 11022.cpp */,
				DDA23581259AEEE3003A1B45 /* 11718.cpp */,
				DD213A39259CAC4500956B37 /* 11719.cpp */,
				DD213A3D259CAFCF00956B37 /* 11720.cpp */,
				DD213A45259CB17100956B37 /* 11721.cpp */,
				DD213A49259CB30A00956B37 /* 2741.cpp */,
				DD213A4C259CB3F800956B37 /* 2742.cpp */,
				DD213A50259DA5CD00956B37 /* 2739.cpp */,
				DD213A54259DA69600956B37 /* 1924.cpp */,
				DD213A58259DA86900956B37 /* 8393.cpp */,
				DD213A5C259DA9A200956B37 /* 10818.cpp */,
				DD213A60259DAA8200956B37 /* 2438.cpp */,
				DD213A64259F3F9F00956B37 /* 2439.cpp */,
				DD213A68259F41A100956B37 /* 2440.cpp */,
				DD213A6C259F432C00956B37 /* 2441.cpp */,
				DD213A71259F442900956B37 /* 2445.cpp */,
				DD213A74259F4DF100956B37 /* 2522.cpp */,
				DD6A6697259F9CB900E2B981 /* 2446.cpp */,
				DD6A669B259F9E9F00E2B981 /* 10991.cpp */,
				DD6A66A0259FA1DA00E2B981 /* 10992.cpp */,
				DD6A66A3259FA7C600E2B981 /* 1463.cpp */,
				DD6A66A725A03D1F00E2B981 /* 11726.cpp */,
				DD6A66AB25A0B7E900E2B981 /* 11727.cpp */,
				DD6A66AE25A0B80900E2B981 /* 9095.cpp */,
				DD6A66B125A0B81700E2B981 /* 10844.cpp */,
				DD6A66B425A0B82C00E2B981 /* 11057.cpp */,
				DD6A66B725A0B83E00E2B981 /* 2193.cpp */,
				DD0382D925A2000F00B3473E /* 9465.cpp */,
				DDEFE3DE25A36D6400732CD9 /* 2165.cpp */,
				DD0382DF25A2006700B3473E /* 11053.cpp */,
				DD0382E225A2007500B3473E /* 11055.cpp */,
				DD0382E525A2008800B3473E /* 11722.cpp */,
				DDEFE3EE25A3840100732CD9 /* 11054.cpp */,
				DDEFE40125A3961100732CD9 /* 1912.cpp */,
				DD656B4D25A48C530064AC11 /* 2579.cpp */,
				DD656B5125A493250064AC11 /* 1699.cpp */,
				DD656B5525A4B2E80064AC11 /* 2133.cpp */,
				DD321F2D25A7093B003D3AD3 /* 9461.cpp */,
				DD321F3125A710D0003D3AD3 /* 2225.cpp */,
				DD321F3725A72FEC003D3AD3 /* 2011.cpp */,
				DD321F3B25A75219003D3AD3 /* 11052.cpp */,
				DD321F3F25A75683003D3AD3 /* 2751.cpp */,
				DD9BC62225A7FC6F009316DA /* 11650.cpp */,
				DD9BC62625A870F5009316DA /* 11651.cpp */,
				DD9BC62A25A8717A009316DA /* 10814.cpp */,
				DD9BC62E25A88FFF009316DA /* 10825.cpp */,
				DD9BC63225A89DE3009316DA /* 10989.cpp */,
				DD9A3B1A25AA01CC008089A0 /* 11652.cpp */,
				DD9A3B1E25AA0F3C008089A0 /* 11004.cpp */,
				DD9A3B2225AA130E008089A0 /* 10828.cpp */,
				DD9A3B2625AA1942008089A0 /* 9012.cpp */,
				DD9A3B2A25AA2533008089A0 /* 10799.cpp */,
				DD94092B25AAE3100011AC45 /* 10845.cpp */,
				DD94092F25AAE8460011AC45 /* 10866.cpp */,
				DD94093325AAF0EF0011AC45 /* 10808.cpp */,
				DD94093A25AAF5D50011AC45 /* 10809.cpp */,
				DD94093E25AAF7B70011AC45 /* 10820.cpp */,
				DD46475925AC875F006C0D4E /* 2743.cpp */,
				DD46475E25AC894F006C0D4E /* 11655.cpp */,
				DD46476325AC988C006C0D4E /* 10824.cpp */,
				DD46476725ACA0E7006C0D4E /* 11656.cpp */,
				DDD78E9E25ADBB5200D5BC91 /* 1406.cpp */,
				DD38C2FF25ADCB38004DF5C5 /* 1158.cpp */,
				DD38C30225ADE575004DF5C5 /* 1168.cpp */,
				DD38C30625ADE87F004DF5C5 /* 10430.cpp */,
				DD38C30A25ADEB40004DF5C5 /* 2609.cpp */,
				DD38C30E25ADEE43004DF5C5 /* 1934.cpp */,
				DDC5CE1A25AF383400BFDFA0 /* 1850.cpp */,
				DD905ABA25B1AA2300162B3F /* 9613.cpp */,
				DD905ABD25B1AEC900162B3F /* 11005.cpp */,
				DD905AC125B1BB5600162B3F /* 2745.cpp */,
				DD905AC525B1C71800162B3F /* 1373.cpp */,
				DD905ACA25B305D900162B3F /* 1212.cpp */,
				DD905ACD25B31BD900162B3F /* 2089.cpp */,
				DD905AD125B331DB00162B3F /* 11576.cpp */,
				DD905AF025B340B100162B3F /* 1978.cpp */,
				DD905AF425B3476400162B3F /* 1929.cpp */,
				DDDCFA2E25B46FF80088D6A4 /* 6588.cpp */,
				DDDCFA3125B477520088D6A4 /* 11653.cpp */,
				DDDCFA3525B47C730088D6A4 /* 10872.cpp */,
				DDDCFA3925B47F0B0088D6A4 /* 1676.cpp */,
				DD3FCF1125B4862200093C8D /* 2004.cpp */,
			);
			path = baekjoon;
			sourceTree = "<group>";
		};
/* End PBXGroup section */

/* Begin PBXNativeTarget section */
		DDEAAA4D2599FB9C007CF218 /* baekjoon */ = {
			isa = PBXNativeTarget;
			buildConfigurationList = DDEAAA552599FB9C007CF218 /* Build configuration list for PBXNativeTarget "baekjoon" */;
			buildPhases = (
				DDEAAA4A2599FB9C007CF218 /* Sources */,
				DDEAAA4B2599FB9C007CF218 /* Frameworks */,
				DDEAAA4C2599FB9C007CF218 /* CopyFiles */,
			);
			buildRules = (
			);
			dependencies = (
			);
			name = baekjoon;
			productName = backjoon;
			productReference = DDEAAA4E2599FB9C007CF218 /* baekjoon */;
			productType = "com.apple.product-type.tool";
		};
/* End PBXNativeTarget section */

/* Begin PBXProject section */
		DDEAAA462599FB9C007CF218 /* Project object */ = {
			isa = PBXProject;
			attributes = {
				LastUpgradeCheck = 1230;
				TargetAttributes = {
					DDEAAA4D2599FB9C007CF218 = {
						CreatedOnToolsVersion = 12.3;
					};
				};
			};
			buildConfigurationList = DDEAAA492599FB9C007CF218 /* Build configuration list for PBXProject "baekjoon" */;
			compatibilityVersion = "Xcode 9.3";
			developmentRegion = en;
			hasScannedForEncodings = 0;
			knownRegions = (
				en,
				Base,
			);
			mainGroup = DDEAAA452599FB9C007CF218;
			productRefGroup = DDEAAA4F2599FB9C007CF218 /* Products */;
			projectDirPath = "";
			projectRoot = "";
			targets = (
				DDEAAA4D2599FB9C007CF218 /* baekjoon */,
			);
		};
/* End PBXProject section */

/* Begin PBXSourcesBuildPhase section */
		DDEAAA4A2599FB9C007CF218 /* Sources */ = {
			isa = PBXSourcesBuildPhase;
			buildActionMask = 2147483647;
			files = (
				DD3FCF1925B48CF600093C8D /* 2004.cpp in Sources */,
			);
			runOnlyForDeploymentPostprocessing = 0;
		};
/* End PBXSourcesBuildPhase section */

/* Begin XCBuildConfiguration section */
		DDEAAA532599FB9C007CF218 /* Debug */ = {
			isa = XCBuildConfiguration;
			buildSettings = {
				ALWAYS_SEARCH_USER_PATHS = NO;
				CLANG_ANALYZER_NONNULL = YES;
				CLANG_ANALYZER_NUMBER_OBJECT_CONVERSION = YES_AGGRESSIVE;
				CLANG_CXX_LANGUAGE_STANDARD = "gnu++14";
				CLANG_CXX_LIBRARY = "libc++";
				CLANG_ENABLE_MODULES = YES;
				CLANG_ENABLE_OBJC_ARC = YES;
				CLANG_ENABLE_OBJC_WEAK = YES;
				CLANG_WARN_BLOCK_CAPTURE_AUTORELEASING = YES;
				CLANG_WARN_BOOL_CONVERSION = YES;
				CLANG_WARN_COMMA = YES;
				CLANG_WARN_CONSTANT_CONVERSION = YES;
				CLANG_WARN_DEPRECATED_OBJC_IMPLEMENTATIONS = YES;
				CLANG_WARN_DIRECT_OBJC_ISA_USAGE = YES_ERROR;
				CLANG_WARN_DOCUMENTATION_COMMENTS = YES;
				CLANG_WARN_EMPTY_BODY = YES;
				CLANG_WARN_ENUM_CONVERSION = YES;
				CLANG_WARN_INFINITE_RECURSION = YES;
				CLANG_WARN_INT_CONVERSION = YES;
				CLANG_WARN_NON_LITERAL_NULL_CONVERSION = YES;
				CLANG_WARN_OBJC_IMPLICIT_RETAIN_SELF = YES;
				CLANG_WARN_OBJC_LITERAL_CONVERSION = YES;
				CLANG_WARN_OBJC_ROOT_CLASS = YES_ERROR;
				CLANG_WARN_QUOTED_INCLUDE_IN_FRAMEWORK_HEADER = YES;
				CLANG_WARN_RANGE_LOOP_ANALYSIS = YES;
				CLANG_WARN_STRICT_PROTOTYPES = YES;
				CLANG_WARN_SUSPICIOUS_MOVE = YES;
				CLANG_WARN_UNGUARDED_AVAILABILITY = YES_AGGRESSIVE;
				CLANG_WARN_UNREACHABLE_CODE = YES;
				CLANG_WARN__DUPLICATE_METHOD_MATCH = YES;
				COPY_PHASE_STRIP = NO;
				DEBUG_INFORMATION_FORMAT = dwarf;
				ENABLE_STRICT_OBJC_MSGSEND = YES;
				ENABLE_TESTABILITY = YES;
				GCC_C_LANGUAGE_STANDARD = gnu11;
				GCC_DYNAMIC_NO_PIC = NO;
				GCC_NO_COMMON_BLOCKS = YES;
				GCC_OPTIMIZATION_LEVEL = 0;
				GCC_PREPROCESSOR_DEFINITIONS = (
					"DEBUG=1",
					"$(inherited)",
				);
				GCC_WARN_64_TO_32_BIT_CONVERSION = YES;
				GCC_WARN_ABOUT_RETURN_TYPE = YES_ERROR;
				GCC_WARN_UNDECLARED_SELECTOR = YES;
				GCC_WARN_UNINITIALIZED_AUTOS = YES_AGGRESSIVE;
				GCC_WARN_UNUSED_FUNCTION = YES;
				GCC_WARN_UNUSED_VARIABLE = YES;
				MACOSX_DEPLOYMENT_TARGET = 10.15;
				MTL_ENABLE_DEBUG_INFO = INCLUDE_SOURCE;
				MTL_FAST_MATH = YES;
				ONLY_ACTIVE_ARCH = YES;
				SDKROOT = macosx;
			};
			name = Debug;
		};
		DDEAAA542599FB9C007CF218 /* Release */ = {
			isa = XCBuildConfiguration;
			buildSettings = {
				ALWAYS_SEARCH_USER_PATHS = NO;
				CLANG_ANALYZER_NONNULL = YES;
				CLANG_ANALYZER_NUMBER_OBJECT_CONVERSION = YES_AGGRESSIVE;
				CLANG_CXX_LANGUAGE_STANDARD = "gnu++14";
				CLANG_CXX_LIBRARY = "libc++";
				CLANG_ENABLE_MODULES = YES;
				CLANG_ENABLE_OBJC_ARC = YES;
				CLANG_ENABLE_OBJC_WEAK = YES;
				CLANG_WARN_BLOCK_CAPTURE_AUTORELEASING = YES;
				CLANG_WARN_BOOL_CONVERSION = YES;
				CLANG_WARN_COMMA = YES;
				CLANG_WARN_CONSTANT_CONVERSION = YES;
				CLANG_WARN_DEPRECATED_OBJC_IMPLEMENTATIONS = YES;
				CLANG_WARN_DIRECT_OBJC_ISA_USAGE = YES_ERROR;
				CLANG_WARN_DOCUMENTATION_COMMENTS = YES;
				CLANG_WARN_EMPTY_BODY = YES;
				CLANG_WARN_ENUM_CONVERSION = YES;
				CLANG_WARN_INFINITE_RECURSION = YES;
				CLANG_WARN_INT_CONVERSION = YES;
				CLANG_WARN_NON_LITERAL_NULL_CONVERSION = YES;
				CLANG_WARN_OBJC_IMPLICIT_RETAIN_SELF = YES;
				CLANG_WARN_OBJC_LITERAL_CONVERSION = YES;
				CLANG_WARN_OBJC_ROOT_CLASS = YES_ERROR;
				CLANG_WARN_QUOTED_INCLUDE_IN_FRAMEWORK_HEADER = YES;
				CLANG_WARN_RANGE_LOOP_ANALYSIS = YES;
				CLANG_WARN_STRICT_PROTOTYPES = YES;
				CLANG_WARN_SUSPICIOUS_MOVE = YES;
				CLANG_WARN_UNGUARDED_AVAILABILITY = YES_AGGRESSIVE;
				CLANG_WARN_UNREACHABLE_CODE = YES;
				CLANG_WARN__DUPLICATE_METHOD_MATCH = YES;
				COPY_PHASE_STRIP = NO;
				DEBUG_INFORMATION_FORMAT = "dwarf-with-dsym";
				ENABLE_NS_ASSERTIONS = NO;
				ENABLE_STRICT_OBJC_MSGSEND = YES;
				GCC_C_LANGUAGE_STANDARD = gnu11;
				GCC_NO_COMMON_BLOCKS = YES;
				GCC_WARN_64_TO_32_BIT_CONVERSION = YES;
				GCC_WARN_ABOUT_RETURN_TYPE = YES_ERROR;
				GCC_WARN_UNDECLARED_SELECTOR = YES;
				GCC_WARN_UNINITIALIZED_AUTOS = YES_AGGRESSIVE;
				GCC_WARN_UNUSED_FUNCTION = YES;
				GCC_WARN_UNUSED_VARIABLE = YES;
				MACOSX_DEPLOYMENT_TARGET = 10.15;
				MTL_ENABLE_DEBUG_INFO = NO;
				MTL_FAST_MATH = YES;
				SDKROOT = macosx;
			};
			name = Release;
		};
		DDEAAA562599FB9C007CF218 /* Debug */ = {
			isa = XCBuildConfiguration;
			buildSettings = {
				CODE_SIGN_STYLE = Automatic;
				PRODUCT_NAME = "$(TARGET_NAME)";
			};
			name = Debug;
		};
		DDEAAA572599FB9C007CF218 /* Release */ = {
			isa = XCBuildConfiguration;
			buildSettings = {
				CODE_SIGN_STYLE = Automatic;
				PRODUCT_NAME = "$(TARGET_NAME)";
			};
			name = Release;
		};
/* End XCBuildConfiguration section */

/* Begin XCConfigurationList section */
		DDEAAA492599FB9C007CF218 /* Build configuration list for PBXProject "baekjoon" */ = {
			isa = XCConfigurationList;
			buildConfigurations = (
				DDEAAA532599FB9C007CF218 /* Debug */,
				DDEAAA542599FB9C007CF218 /* Release */,
			);
			defaultConfigurationIsVisible = 0;
			defaultConfigurationName = Release;
		};
		DDEAAA552599FB9C007CF218 /* Build configuration list for PBXNativeTarget "baekjoon" */ = {
			isa = XCConfigurationList;
			buildConfigurations = (
				DDEAAA562599FB9C007CF218 /* Debug */,
				DDEAAA572599FB9C007CF218 /* Release */,
			);
			defaultConfigurationIsVisible = 0;
			defaultConfigurationName = Release;
		};
/* End XCConfigurationList section */
	};
	rootObject = DDEAAA462599FB9C007CF218 /* Project object */;
}
