// !$*UTF8*$!
{
	archiveVersion = 1;
	classes = {
	};
	objectVersion = 50;
	objects = {

/* Begin PBXBuildFile section */
		DD213A75259F4DF100956B37 /* 2522.cpp in Sources */ = {isa = PBXBuildFile; fileRef = DD213A74259F4DF100956B37 /* 2522.cpp */; };
/* End PBXBuildFile section */

/* Begin PBXCopyFilesBuildPhase section */
		DDEAAA4C2599FB9C007CF218 /* CopyFiles */ = {
			isa = PBXCopyFilesBuildPhase;
			buildActionMask = 2147483647;
			dstPath = /usr/share/man/man1/;
			dstSubfolderSpec = 0;
			files = (
			);
			runOnlyForDeploymentPostprocessing = 1;
		};
/* End PBXCopyFilesBuildPhase section */

/* Begin PBXFileReference section */
		DD213A39259CAC4500956B37 /* 11719.cpp */ = {isa = PBXFileReference; lastKnownFileType = sourcecode.cpp.cpp; path = 11719.cpp; sourceTree = "<group>"; };
		DD213A3D259CAFCF00956B37 /* 11720.cpp */ = {isa = PBXFileReference; lastKnownFileType = sourcecode.cpp.cpp; path = 11720.cpp; sourceTree = "<group>"; };
		DD213A45259CB17100956B37 /* 11721.cpp */ = {isa = PBXFileReference; lastKnownFileType = sourcecode.cpp.cpp; path = 11721.cpp; sourceTree = "<group>"; };
		DD213A49259CB30A00956B37 /* 2741.cpp */ = {isa = PBXFileReference; lastKnownFileType = sourcecode.cpp.cpp; path = 2741.cpp; sourceTree = "<group>"; };
		DD213A4C259CB3F800956B37 /* 2742.cpp */ = {isa = PBXFileReference; lastKnownFileType = sourcecode.cpp.cpp; path = 2742.cpp; sourceTree = "<group>"; };
		DD213A50259DA5CD00956B37 /* 2739.cpp */ = {isa = PBXFileReference; lastKnownFileType = sourcecode.cpp.cpp; path = 2739.cpp; sourceTree = "<group>"; };
		DD213A54259DA69600956B37 /* 1924.cpp */ = {isa = PBXFileReference; lastKnownFileType = sourcecode.cpp.cpp; path = 1924.cpp; sourceTree = "<group>"; };
		DD213A58259DA86900956B37 /* 8393.cpp */ = {isa = PBXFileReference; lastKnownFileType = sourcecode.cpp.cpp; path = 8393.cpp; sourceTree = "<group>"; };
		DD213A5C259DA9A200956B37 /* 10818.cpp */ = {isa = PBXFileReference; lastKnownFileType = sourcecode.cpp.cpp; path = 10818.cpp; sourceTree = "<group>"; };
		DD213A60259DAA8200956B37 /* 2438.cpp */ = {isa = PBXFileReference; lastKnownFileType = sourcecode.cpp.cpp; path = 2438.cpp; sourceTree = "<group>"; };
		DD213A64259F3F9F00956B37 /* 2439.cpp */ = {isa = PBXFileReference; lastKnownFileType = sourcecode.cpp.cpp; path = 2439.cpp; sourceTree = "<group>"; };
		DD213A68259F41A100956B37 /* 2440.cpp */ = {isa = PBXFileReference; lastKnownFileType = sourcecode.cpp.cpp; path = 2440.cpp; sourceTree = "<group>"; };
		DD213A6C259F432C00956B37 /* 2441.cpp */ = {isa = PBXFileReference; lastKnownFileType = sourcecode.cpp.cpp; path = 2441.cpp; sourceTree = "<group>"; };
		DD213A71259F442900956B37 /* 2445.cpp */ = {isa = PBXFileReference; lastKnownFileType = sourcecode.cpp.cpp; path = 2445.cpp; sourceTree = "<group>"; };
		DD213A74259F4DF100956B37 /* 2522.cpp */ = {isa = PBXFileReference; lastKnownFileType = sourcecode.cpp.cpp; path = 2522.cpp; sourceTree = "<group>"; };
		DDA2356B259AE6C8003A1B45 /* 10952.cpp */ = {isa = PBXFileReference; lastKnownFileType = sourcecode.cpp.cpp; path = 10952.cpp; sourceTree = "<group>"; };
		DDA2356F259AE852003A1B45 /* 10953.cpp */ = {isa = PBXFileReference; lastKnownFileType = sourcecode.cpp.cpp; path = 10953.cpp; sourceTree = "<group>"; };
		DDA23574259AEC0D003A1B45 /* 11021.cpp */ = {isa = PBXFileReference; lastKnownFileType = sourcecode.cpp.cpp; path = 11021.cpp; sourceTree = "<group>"; };
		DDA2357D259AEDBF003A1B45 /* 11022.cpp */ = {isa = PBXFileReference; lastKnownFileType = sourcecode.cpp.cpp; path = 11022.cpp; sourceTree = "<group>"; };
		DDA23581259AEEE3003A1B45 /* 11718.cpp */ = {isa = PBXFileReference; lastKnownFileType = sourcecode.cpp.cpp; path = 11718.cpp; sourceTree = "<group>"; };
		DDEAAA4E2599FB9C007CF218 /* backjoon */ = {isa = PBXFileReference; explicitFileType = "compiled.mach-o.executable"; includeInIndex = 0; path = backjoon; sourceTree = BUILT_PRODUCTS_DIR; };
		DDEAAA512599FB9C007CF218 /* 10950.cpp */ = {isa = PBXFileReference; lastKnownFileType = sourcecode.cpp.cpp; path = 10950.cpp; sourceTree = "<group>"; };
		DDEAAA5B259A09CD007CF218 /* 10951.cpp */ = {isa = PBXFileReference; lastKnownFileType = sourcecode.cpp.cpp; path = 10951.cpp; sourceTree = "<group>"; };
/* End PBXFileReference section */

/* Begin PBXFrameworksBuildPhase section */
		DDEAAA4B2599FB9C007CF218 /* Frameworks */ = {
			isa = PBXFrameworksBuildPhase;
			buildActionMask = 2147483647;
			files = (
			);
			runOnlyForDeploymentPostprocessing = 0;
		};
/* End PBXFrameworksBuildPhase section */

/* Begin PBXGroup section */
		DDEAAA452599FB9C007CF218 = {
			isa = PBXGroup;
			children = (
				DDEAAA502599FB9C007CF218 /* backjoon */,
				DDEAAA4F2599FB9C007CF218 /* Products */,
			);
			sourceTree = "<group>";
		};
		DDEAAA4F2599FB9C007CF218 /* Products */ = {
			isa = PBXGroup;
			children = (
				DDEAAA4E2599FB9C007CF218 /* backjoon */,
			);
			name = Products;
			sourceTree = "<group>";
		};
		DDEAAA502599FB9C007CF218 /* backjoon */ = {
			isa = PBXGroup;
			children = (
				DDEAAA512599FB9C007CF218 /* 10950.cpp */,
				DDEAAA5B259A09CD007CF218 /* 10951.cpp */,
				DDA2356B259AE6C8003A1B45 /* 10952.cpp */,
				DDA2356F259AE852003A1B45 /* 10953.cpp */,
				DDA23574259AEC0D003A1B45 /* 11021.cpp */,
				DDA2357D259AEDBF003A1B45 /* 11022.cpp */,
				DDA23581259AEEE3003A1B45 /* 11718.cpp */,
				DD213A39259CAC4500956B37 /* 11719.cpp */,
				DD213A3D259CAFCF00956B37 /* 11720.cpp */,
				DD213A45259CB17100956B37 /* 11721.cpp */,
				DD213A49259CB30A00956B37 /* 2741.cpp */,
				DD213A4C259CB3F800956B37 /* 2742.cpp */,
				DD213A50259DA5CD00956B37 /* 2739.cpp */,
				DD213A54259DA69600956B37 /* 1924.cpp */,
				DD213A58259DA86900956B37 /* 8393.cpp */,
				DD213A5C259DA9A200956B37 /* 10818.cpp */,
				DD213A60259DAA8200956B37 /* 2438.cpp */,
				DD213A64259F3F9F00956B37 /* 2439.cpp */,
				DD213A68259F41A100956B37 /* 2440.cpp */,
				DD213A6C259F432C00956B37 /* 2441.cpp */,
				DD213A71259F442900956B37 /* 2445.cpp */,
				DD213A74259F4DF100956B37 /* 2522.cpp */,
			);
			path = backjoon;
			sourceTree = "<group>";
		};
/* End PBXGroup section */

/* Begin PBXNativeTarget section */
		DDEAAA4D2599FB9C007CF218 /* backjoon */ = {
			isa = PBXNativeTarget;
			buildConfigurationList = DDEAAA552599FB9C007CF218 /* Build configuration list for PBXNativeTarget "backjoon" */;
			buildPhases = (
				DDEAAA4A2599FB9C007CF218 /* Sources */,
				DDEAAA4B2599FB9C007CF218 /* Frameworks */,
				DDEAAA4C2599FB9C007CF218 /* CopyFiles */,
			);
			buildRules = (
			);
			dependencies = (
			);
			name = backjoon;
			productName = backjoon;
			productReference = DDEAAA4E2599FB9C007CF218 /* backjoon */;
			productType = "com.apple.product-type.tool";
		};
/* End PBXNativeTarget section */

/* Begin PBXProject section */
		DDEAAA462599FB9C007CF218 /* Project object */ = {
			isa = PBXProject;
			attributes = {
				LastUpgradeCheck = 1230;
				TargetAttributes = {
					DDEAAA4D2599FB9C007CF218 = {
						CreatedOnToolsVersion = 12.3;
					};
				};
			};
			buildConfigurationList = DDEAAA492599FB9C007CF218 /* Build configuration list for PBXProject "backjoon" */;
			compatibilityVersion = "Xcode 9.3";
			developmentRegion = en;
			hasScannedForEncodings = 0;
			knownRegions = (
				en,
				Base,
			);
			mainGroup = DDEAAA452599FB9C007CF218;
			productRefGroup = DDEAAA4F2599FB9C007CF218 /* Products */;
			projectDirPath = "";
			projectRoot = "";
			targets = (
				DDEAAA4D2599FB9C007CF218 /* backjoon */,
			);
		};
/* End PBXProject section */

/* Begin PBXSourcesBuildPhase section */
		DDEAAA4A2599FB9C007CF218 /* Sources */ = {
			isa = PBXSourcesBuildPhase;
			buildActionMask = 2147483647;
			files = (
				DD213A75259F4DF100956B37 /* 2522.cpp in Sources */,
			);
			runOnlyForDeploymentPostprocessing = 0;
		};
/* End PBXSourcesBuildPhase section */

/* Begin XCBuildConfiguration section */
		DDEAAA532599FB9C007CF218 /* Debug */ = {
			isa = XCBuildConfiguration;
			buildSettings = {
				ALWAYS_SEARCH_USER_PATHS = NO;
				CLANG_ANALYZER_NONNULL = YES;
				CLANG_ANALYZER_NUMBER_OBJECT_CONVERSION = YES_AGGRESSIVE;
				CLANG_CXX_LANGUAGE_STANDARD = "gnu++14";
				CLANG_CXX_LIBRARY = "libc++";
				CLANG_ENABLE_MODULES = YES;
				CLANG_ENABLE_OBJC_ARC = YES;
				CLANG_ENABLE_OBJC_WEAK = YES;
				CLANG_WARN_BLOCK_CAPTURE_AUTORELEASING = YES;
				CLANG_WARN_BOOL_CONVERSION = YES;
				CLANG_WARN_COMMA = YES;
				CLANG_WARN_CONSTANT_CONVERSION = YES;
				CLANG_WARN_DEPRECATED_OBJC_IMPLEMENTATIONS = YES;
				CLANG_WARN_DIRECT_OBJC_ISA_USAGE = YES_ERROR;
				CLANG_WARN_DOCUMENTATION_COMMENTS = YES;
				CLANG_WARN_EMPTY_BODY = YES;
				CLANG_WARN_ENUM_CONVERSION = YES;
				CLANG_WARN_INFINITE_RECURSION = YES;
				CLANG_WARN_INT_CONVERSION = YES;
				CLANG_WARN_NON_LITERAL_NULL_CONVERSION = YES;
				CLANG_WARN_OBJC_IMPLICIT_RETAIN_SELF = YES;
				CLANG_WARN_OBJC_LITERAL_CONVERSION = YES;
				CLANG_WARN_OBJC_ROOT_CLASS = YES_ERROR;
				CLANG_WARN_QUOTED_INCLUDE_IN_FRAMEWORK_HEADER = YES;
				CLANG_WARN_RANGE_LOOP_ANALYSIS = YES;
				CLANG_WARN_STRICT_PROTOTYPES = YES;
				CLANG_WARN_SUSPICIOUS_MOVE = YES;
				CLANG_WARN_UNGUARDED_AVAILABILITY = YES_AGGRESSIVE;
				CLANG_WARN_UNREACHABLE_CODE = YES;
				CLANG_WARN__DUPLICATE_METHOD_MATCH = YES;
				COPY_PHASE_STRIP = NO;
				DEBUG_INFORMATION_FORMAT = dwarf;
				ENABLE_STRICT_OBJC_MSGSEND = YES;
				ENABLE_TESTABILITY = YES;
				GCC_C_LANGUAGE_STANDARD = gnu11;
				GCC_DYNAMIC_NO_PIC = NO;
				GCC_NO_COMMON_BLOCKS = YES;
				GCC_OPTIMIZATION_LEVEL = 0;
				GCC_PREPROCESSOR_DEFINITIONS = (
					"DEBUG=1",
					"$(inherited)",
				);
				GCC_WARN_64_TO_32_BIT_CONVERSION = YES;
				GCC_WARN_ABOUT_RETURN_TYPE = YES_ERROR;
				GCC_WARN_UNDECLARED_SELECTOR = YES;
				GCC_WARN_UNINITIALIZED_AUTOS = YES_AGGRESSIVE;
				GCC_WARN_UNUSED_FUNCTION = YES;
				GCC_WARN_UNUSED_VARIABLE = YES;
				MACOSX_DEPLOYMENT_TARGET = 10.15;
				MTL_ENABLE_DEBUG_INFO = INCLUDE_SOURCE;
				MTL_FAST_MATH = YES;
				ONLY_ACTIVE_ARCH = YES;
				SDKROOT = macosx;
			};
			name = Debug;
		};
		DDEAAA542599FB9C007CF218 /* Release */ = {
			isa = XCBuildConfiguration;
			buildSettings = {
				ALWAYS_SEARCH_USER_PATHS = NO;
				CLANG_ANALYZER_NONNULL = YES;
				CLANG_ANALYZER_NUMBER_OBJECT_CONVERSION = YES_AGGRESSIVE;
				CLANG_CXX_LANGUAGE_STANDARD = "gnu++14";
				CLANG_CXX_LIBRARY = "libc++";
				CLANG_ENABLE_MODULES = YES;
				CLANG_ENABLE_OBJC_ARC = YES;
				CLANG_ENABLE_OBJC_WEAK = YES;
				CLANG_WARN_BLOCK_CAPTURE_AUTORELEASING = YES;
				CLANG_WARN_BOOL_CONVERSION = YES;
				CLANG_WARN_COMMA = YES;
				CLANG_WARN_CONSTANT_CONVERSION = YES;
				CLANG_WARN_DEPRECATED_OBJC_IMPLEMENTATIONS = YES;
				CLANG_WARN_DIRECT_OBJC_ISA_USAGE = YES_ERROR;
				CLANG_WARN_DOCUMENTATION_COMMENTS = YES;
				CLANG_WARN_EMPTY_BODY = YES;
				CLANG_WARN_ENUM_CONVERSION = YES;
				CLANG_WARN_INFINITE_RECURSION = YES;
				CLANG_WARN_INT_CONVERSION = YES;
				CLANG_WARN_NON_LITERAL_NULL_CONVERSION = YES;
				CLANG_WARN_OBJC_IMPLICIT_RETAIN_SELF = YES;
				CLANG_WARN_OBJC_LITERAL_CONVERSION = YES;
				CLANG_WARN_OBJC_ROOT_CLASS = YES_ERROR;
				CLANG_WARN_QUOTED_INCLUDE_IN_FRAMEWORK_HEADER = YES;
				CLANG_WARN_RANGE_LOOP_ANALYSIS = YES;
				CLANG_WARN_STRICT_PROTOTYPES = YES;
				CLANG_WARN_SUSPICIOUS_MOVE = YES;
				CLANG_WARN_UNGUARDED_AVAILABILITY = YES_AGGRESSIVE;
				CLANG_WARN_UNREACHABLE_CODE = YES;
				CLANG_WARN__DUPLICATE_METHOD_MATCH = YES;
				COPY_PHASE_STRIP = NO;
				DEBUG_INFORMATION_FORMAT = "dwarf-with-dsym";
				ENABLE_NS_ASSERTIONS = NO;
				ENABLE_STRICT_OBJC_MSGSEND = YES;
				GCC_C_LANGUAGE_STANDARD = gnu11;
				GCC_NO_COMMON_BLOCKS = YES;
				GCC_WARN_64_TO_32_BIT_CONVERSION = YES;
				GCC_WARN_ABOUT_RETURN_TYPE = YES_ERROR;
				GCC_WARN_UNDECLARED_SELECTOR = YES;
				GCC_WARN_UNINITIALIZED_AUTOS = YES_AGGRESSIVE;
				GCC_WARN_UNUSED_FUNCTION = YES;
				GCC_WARN_UNUSED_VARIABLE = YES;
				MACOSX_DEPLOYMENT_TARGET = 10.15;
				MTL_ENABLE_DEBUG_INFO = NO;
				MTL_FAST_MATH = YES;
				SDKROOT = macosx;
			};
			name = Release;
		};
		DDEAAA562599FB9C007CF218 /* Debug */ = {
			isa = XCBuildConfiguration;
			buildSettings = {
				CODE_SIGN_STYLE = Automatic;
				PRODUCT_NAME = "$(TARGET_NAME)";
			};
			name = Debug;
		};
		DDEAAA572599FB9C007CF218 /* Release */ = {
			isa = XCBuildConfiguration;
			buildSettings = {
				CODE_SIGN_STYLE = Automatic;
				PRODUCT_NAME = "$(TARGET_NAME)";
			};
			name = Release;
		};
/* End XCBuildConfiguration section */

/* Begin XCConfigurationList section */
		DDEAAA492599FB9C007CF218 /* Build configuration list for PBXProject "backjoon" */ = {
			isa = XCConfigurationList;
			buildConfigurations = (
				DDEAAA532599FB9C007CF218 /* Debug */,
				DDEAAA542599FB9C007CF218 /* Release */,
			);
			defaultConfigurationIsVisible = 0;
			defaultConfigurationName = Release;
		};
		DDEAAA552599FB9C007CF218 /* Build configuration list for PBXNativeTarget "backjoon" */ = {
			isa = XCConfigurationList;
			buildConfigurations = (
				DDEAAA562599FB9C007CF218 /* Debug */,
				DDEAAA572599FB9C007CF218 /* Release */,
			);
			defaultConfigurationIsVisible = 0;
			defaultConfigurationName = Release;
		};
/* End XCConfigurationList section */
	};
	rootObject = DDEAAA462599FB9C007CF218 /* Project object */;
}
